
Microsoft Visual Studio Solution File, Format Version 12.00
Project("{FAE04EC0-301F-11D3-BF4B-00C04F79EFBC}") = "Infrastructure", "Infrastructure.csproj", "{1C28AFBA-94BD-45E6-AEC5-6588363CB3B6}"
EndProject
Global
	GlobalSection(SolutionConfigurationPlatforms) = preSolution
		Debug|Any CPU = Debug|Any CPU
		Release|Any CPU = Release|Any CPU
	EndGlobalSection
	GlobalSection(ProjectConfigurationPlatforms) = postSolution
		{1C28AFBA-94BD-45E6-AEC5-6588363CB3B6}.Debug|Any CPU.ActiveCfg = Debug|Any CPU
		{1C28AFBA-94BD-45E6-AEC5-6588363CB3B6}.Debug|Any CPU.Build.0 = Debug|Any CPU
		{1C28AFBA-94BD-45E6-AEC5-6588363CB3B6}.Release|Any CPU.ActiveCfg = Release|Any CPU
		{1C28AFBA-94BD-45E6-AEC5-6588363CB3B6}.Release|Any CPU.Build.0 = Release|Any CPU
	EndGlobalSection
EndGlobal
